
Microsoft Visual Studio Solution File, Format Version 12.00
# Visual Studio Version 17
VisualStudioVersion = 17.13.35825.156 d17.13
MinimumVisualStudioVersion = 10.0.40219.1
Project("{FAE04EC0-301F-11D3-BF4B-00C04F79EFBC}") = "RestaurantTheme", "RestaurantTheme\RestaurantTheme.csproj", "{AEE3F66E-4197-4AF0-84E1-543D3D10E578}"
EndProject
Global
	GlobalSection(SolutionConfigurationPlatforms) = preSolution
		Debug|Any CPU = Debug|Any CPU
		Release|Any CPU = Release|Any CPU
	EndGlobalSection
	GlobalSection(ProjectConfigurationPlatforms) = postSolution
		{AEE3F66E-4197-4AF0-84E1-543D3D10E578}.Debug|Any CPU.ActiveCfg = Debug|Any CPU
		{AEE3F66E-4197-4AF0-84E1-543D3D10E578}.Debug|Any CPU.Build.0 = Debug|Any CPU
		{AEE3F66E-4197-4AF0-84E1-543D3D10E578}.Release|Any CPU.ActiveCfg = Release|Any CPU
		{AEE3F66E-4197-4AF0-84E1-543D3D10E578}.Release|Any CPU.Build.0 = Release|Any CPU
	EndGlobalSection
	GlobalSection(SolutionProperties) = preSolution
		HideSolutionNode = FALSE
	EndGlobalSection
	GlobalSection(ExtensibilityGlobals) = postSolution
		SolutionGuid = {568FC870-C8BA-452B-9519-63EA6D4126D2}
	EndGlobalSection
EndGlobal
